
Microsoft Visual Studio Solution File, Format Version 12.00
# Visual Studio Version 16
VisualStudioVersion = 16.0.32630.194
MinimumVisualStudioVersion = 10.0.40219.1
Project("{FAE04EC0-301F-11D3-BF4B-00C04F79EFBC}") = "Search_Page_MVC", "Search_Page_MVC\Search_Page_MVC.csproj", "{1DFE6B63-FFB6-4AB3-BD89-4C032D666700}"
EndProject
Global
	GlobalSection(SolutionConfigurationPlatforms) = preSolution
		Debug|Any CPU = Debug|Any CPU
		Release|Any CPU = Release|Any CPU
	EndGlobalSection
	GlobalSection(ProjectConfigurationPlatforms) = postSolution
		{1DFE6B63-FFB6-4AB3-BD89-4C032D666700}.Debug|Any CPU.ActiveCfg = Debug|Any CPU
		{1DFE6B63-FFB6-4AB3-BD89-4C032D666700}.Debug|Any CPU.Build.0 = Debug|Any CPU
		{1DFE6B63-FFB6-4AB3-BD89-4C032D666700}.Release|Any CPU.ActiveCfg = Release|Any CPU
		{1DFE6B63-FFB6-4AB3-BD89-4C032D666700}.Release|Any CPU.Build.0 = Release|Any CPU
	EndGlobalSection
	GlobalSection(SolutionProperties) = preSolution
		HideSolutionNode = FALSE
	EndGlobalSection
	GlobalSection(ExtensibilityGlobals) = postSolution
		SolutionGuid = {09E41F38-61A6-47F0-ABD5-1E554A0E68CB}
	EndGlobalSection
EndGlobal
